// !$*UTF8*$!
{
	archiveVersion = 1;
	classes = {
	};
	objectVersion = 50;
	objects = {

/* Begin PBXBuildFile section */
		43B6C5A097D0AEAA19B88BAC /* libPods-FirstProject.a in Frameworks */ = {isa = PBXBuildFile; fileRef = 21604AD341A949B097D68F39 /* libPods-FirstProject.a */; };
		7D41C251257D4003003E01E6 /* ProgramsResponse.swift in Sources */ = {isa = PBXBuildFile; fileRef = 7D41C250257D4003003E01E6 /* ProgramsResponse.swift */; };
		7D41C257257D4140003E01E6 /* ProgramViewController.xib in Resources */ = {isa = PBXBuildFile; fileRef = 7D41C256257D4140003E01E6 /* ProgramViewController.xib */; };
		7D41C25A257D4165003E01E6 /* ProgramViewController.swift in Sources */ = {isa = PBXBuildFile; fileRef = 7D41C259257D4165003E01E6 /* ProgramViewController.swift */; };
		7D41C2A9257D455F003E01E6 /* AppFlow.swift in Sources */ = {isa = PBXBuildFile; fileRef = 7D41C2A8257D455F003E01E6 /* AppFlow.swift */; };
		7D41C2AD257D45A9003E01E6 /* AppServices.swift in Sources */ = {isa = PBXBuildFile; fileRef = 7D41C2AC257D45A9003E01E6 /* AppServices.swift */; };
		7D41C2B0257D45CB003E01E6 /* ProjectService.swift in Sources */ = {isa = PBXBuildFile; fileRef = 7D41C2AF257D45CB003E01E6 /* ProjectService.swift */; };
		7D41C2B4257D4659003E01E6 /* Provider.swift in Sources */ = {isa = PBXBuildFile; fileRef = 7D41C2B3257D4659003E01E6 /* Provider.swift */; };
		7D41C2B8257D470E003E01E6 /* Constants.swift in Sources */ = {isa = PBXBuildFile; fileRef = 7D41C2B7257D470E003E01E6 /* Constants.swift */; };
		7D41C2DE257D475F003E01E6 /* Dictionary+Extension.swift in Sources */ = {isa = PBXBuildFile; fileRef = 7D41C2DD257D475F003E01E6 /* Dictionary+Extension.swift */; };
		7D41C2E5257D4981003E01E6 /* AppStep.swift in Sources */ = {isa = PBXBuildFile; fileRef = 7D41C2E4257D4981003E01E6 /* AppStep.swift */; };
		7D41C2E9257D49B8003E01E6 /* MainFlow.swift in Sources */ = {isa = PBXBuildFile; fileRef = 7D41C2E8257D49B8003E01E6 /* MainFlow.swift */; };
		7D41C2EC257D4A53003E01E6 /* MainStep.swift in Sources */ = {isa = PBXBuildFile; fileRef = 7D41C2EB257D4A53003E01E6 /* MainStep.swift */; };
		7D41C2EF257D4B25003E01E6 /* ProgramFlow.swift in Sources */ = {isa = PBXBuildFile; fileRef = 7D41C2EE257D4B25003E01E6 /* ProgramFlow.swift */; };
		7D41C2F2257D4B73003E01E6 /* ProgramStep.swift in Sources */ = {isa = PBXBuildFile; fileRef = 7D41C2F1257D4B73003E01E6 /* ProgramStep.swift */; };
		7D41C2F5257D4CB1003E01E6 /* ProgramViewModel.swift in Sources */ = {isa = PBXBuildFile; fileRef = 7D41C2F4257D4CB1003E01E6 /* ProgramViewModel.swift */; };
		7D41C310257D640E003E01E6 /* ProgramTableViewCell.swift in Sources */ = {isa = PBXBuildFile; fileRef = 7D41C30E257D640E003E01E6 /* ProgramTableViewCell.swift */; };
		7D41C311257D640E003E01E6 /* ProgramTableViewCell.xib in Resources */ = {isa = PBXBuildFile; fileRef = 7D41C30F257D640E003E01E6 /* ProgramTableViewCell.xib */; };
		7D41C319257D672E003E01E6 /* UITableViewCell+Extension.swift in Sources */ = {isa = PBXBuildFile; fileRef = 7D41C318257D672E003E01E6 /* UITableViewCell+Extension.swift */; };
		7D41C34E257D7152003E01E6 /* TracksTableViewController.swift in Sources */ = {isa = PBXBuildFile; fileRef = 7D41C34C257D7152003E01E6 /* TracksTableViewController.swift */; };
		7D41C34F257D7152003E01E6 /* TracksTableViewController.xib in Resources */ = {isa = PBXBuildFile; fileRef = 7D41C34D257D7152003E01E6 /* TracksTableViewController.xib */; };
		7D41C352257D7163003E01E6 /* TracksViewModel.swift in Sources */ = {isa = PBXBuildFile; fileRef = 7D41C351257D7163003E01E6 /* TracksViewModel.swift */; };
		7D41C35C257D77E3003E01E6 /* TrackTableViewCell.swift in Sources */ = {isa = PBXBuildFile; fileRef = 7D41C35A257D77E3003E01E6 /* TrackTableViewCell.swift */; };
		7D41C35D257D77E3003E01E6 /* TrackTableViewCell.xib in Resources */ = {isa = PBXBuildFile; fileRef = 7D41C35B257D77E3003E01E6 /* TrackTableViewCell.xib */; };
		7D41C370257D79AF003E01E6 /* UIImageView+AlamofireImage.swift in Sources */ = {isa = PBXBuildFile; fileRef = 7D41C36F257D79AF003E01E6 /* UIImageView+AlamofireImage.swift */; };
		7D41C374257D7F61003E01E6 /* Player.swift in Sources */ = {isa = PBXBuildFile; fileRef = 7D41C373257D7F61003E01E6 /* Player.swift */; };
		7D41C386257D88FE003E01E6 /* IconStorage.swift in Sources */ = {isa = PBXBuildFile; fileRef = 7D41C385257D88FE003E01E6 /* IconStorage.swift */; };
		7D93DE1C257E0847006BA92F /* PlayerView.swift in Sources */ = {isa = PBXBuildFile; fileRef = 7D93DE1B257E0847006BA92F /* PlayerView.swift */; };
		7D93DE20257E0895006BA92F /* BaseView.swift in Sources */ = {isa = PBXBuildFile; fileRef = 7D93DE1F257E0895006BA92F /* BaseView.swift */; };
		7D93DE88257E11C4006BA92F /* PlayerView.xib in Resources */ = {isa = PBXBuildFile; fileRef = 7D93DE87257E11C4006BA92F /* PlayerView.xib */; };
		7DE816A2257A76B0005CC7ED /* AppDelegate.swift in Sources */ = {isa = PBXBuildFile; fileRef = 7DE816A1257A76B0005CC7ED /* AppDelegate.swift */; };
		7DE816AB257A76B2005CC7ED /* Assets.xcassets in Resources */ = {isa = PBXBuildFile; fileRef = 7DE816AA257A76B2005CC7ED /* Assets.xcassets */; };
		7DE816AE257A76B2005CC7ED /* LaunchScreen.storyboard in Resources */ = {isa = PBXBuildFile; fileRef = 7DE816AC257A76B2005CC7ED /* LaunchScreen.storyboard */; };
		7DEE05552581690100569C51 /* UIViewController+Extension.swift in Sources */ = {isa = PBXBuildFile; fileRef = 7DEE05542581690100569C51 /* UIViewController+Extension.swift */; };
/* End PBXBuildFile section */

/* Begin PBXFileReference section */
		21604AD341A949B097D68F39 /* libPods-FirstProject.a */ = {isa = PBXFileReference; explicitFileType = archive.ar; includeInIndex = 0; path = "libPods-FirstProject.a"; sourceTree = BUILT_PRODUCTS_DIR; };
		37132515313318E89C1D08FB /* Pods-FirstProject.release.xcconfig */ = {isa = PBXFileReference; includeInIndex = 1; lastKnownFileType = text.xcconfig; name = "Pods-FirstProject.release.xcconfig"; path = "Target Support Files/Pods-FirstProject/Pods-FirstProject.release.xcconfig"; sourceTree = "<group>"; };
		7D41C250257D4003003E01E6 /* ProgramsResponse.swift */ = {isa = PBXFileReference; lastKnownFileType = sourcecode.swift; path = ProgramsResponse.swift; sourceTree = "<group>"; };
		7D41C256257D4140003E01E6 /* ProgramViewController.xib */ = {isa = PBXFileReference; lastKnownFileType = file.xib; path = ProgramViewController.xib; sourceTree = "<group>"; };
		7D41C259257D4165003E01E6 /* ProgramViewController.swift */ = {isa = PBXFileReference; lastKnownFileType = sourcecode.swift; path = ProgramViewController.swift; sourceTree = "<group>"; };
		7D41C2A8257D455F003E01E6 /* AppFlow.swift */ = {isa = PBXFileReference; lastKnownFileType = sourcecode.swift; path = AppFlow.swift; sourceTree = "<group>"; };
		7D41C2AC257D45A9003E01E6 /* AppServices.swift */ = {isa = PBXFileReference; lastKnownFileType = sourcecode.swift; path = AppServices.swift; sourceTree = "<group>"; };
		7D41C2AF257D45CB003E01E6 /* ProjectService.swift */ = {isa = PBXFileReference; lastKnownFileType = sourcecode.swift; path = ProjectService.swift; sourceTree = "<group>"; };
		7D41C2B3257D4659003E01E6 /* Provider.swift */ = {isa = PBXFileReference; lastKnownFileType = sourcecode.swift; path = Provider.swift; sourceTree = "<group>"; };
		7D41C2B7257D470E003E01E6 /* Constants.swift */ = {isa = PBXFileReference; lastKnownFileType = sourcecode.swift; path = Constants.swift; sourceTree = "<group>"; };
		7D41C2DD257D475F003E01E6 /* Dictionary+Extension.swift */ = {isa = PBXFileReference; lastKnownFileType = sourcecode.swift; path = "Dictionary+Extension.swift"; sourceTree = "<group>"; };
		7D41C2E4257D4981003E01E6 /* AppStep.swift */ = {isa = PBXFileReference; lastKnownFileType = sourcecode.swift; path = AppStep.swift; sourceTree = "<group>"; };
		7D41C2E8257D49B8003E01E6 /* MainFlow.swift */ = {isa = PBXFileReference; lastKnownFileType = sourcecode.swift; path = MainFlow.swift; sourceTree = "<group>"; };
		7D41C2EB257D4A53003E01E6 /* MainStep.swift */ = {isa = PBXFileReference; lastKnownFileType = sourcecode.swift; path = MainStep.swift; sourceTree = "<group>"; };
		7D41C2EE257D4B25003E01E6 /* ProgramFlow.swift */ = {isa = PBXFileReference; lastKnownFileType = sourcecode.swift; path = ProgramFlow.swift; sourceTree = "<group>"; };
		7D41C2F1257D4B73003E01E6 /* ProgramStep.swift */ = {isa = PBXFileReference; lastKnownFileType = sourcecode.swift; path = ProgramStep.swift; sourceTree = "<group>"; };
		7D41C2F4257D4CB1003E01E6 /* ProgramViewModel.swift */ = {isa = PBXFileReference; lastKnownFileType = sourcecode.swift; path = ProgramViewModel.swift; sourceTree = "<group>"; };
		7D41C30E257D640E003E01E6 /* ProgramTableViewCell.swift */ = {isa = PBXFileReference; lastKnownFileType = sourcecode.swift; path = ProgramTableViewCell.swift; sourceTree = "<group>"; };
		7D41C30F257D640E003E01E6 /* ProgramTableViewCell.xib */ = {isa = PBXFileReference; lastKnownFileType = file.xib; path = ProgramTableViewCell.xib; sourceTree = "<group>"; };
		7D41C318257D672E003E01E6 /* UITableViewCell+Extension.swift */ = {isa = PBXFileReference; lastKnownFileType = sourcecode.swift; path = "UITableViewCell+Extension.swift"; sourceTree = "<group>"; };
		7D41C34C257D7152003E01E6 /* TracksTableViewController.swift */ = {isa = PBXFileReference; lastKnownFileType = sourcecode.swift; path = TracksTableViewController.swift; sourceTree = "<group>"; };
		7D41C34D257D7152003E01E6 /* TracksTableViewController.xib */ = {isa = PBXFileReference; lastKnownFileType = file.xib; path = TracksTableViewController.xib; sourceTree = "<group>"; };
		7D41C351257D7163003E01E6 /* TracksViewModel.swift */ = {isa = PBXFileReference; lastKnownFileType = sourcecode.swift; path = TracksViewModel.swift; sourceTree = "<group>"; };
		7D41C35A257D77E3003E01E6 /* TrackTableViewCell.swift */ = {isa = PBXFileReference; lastKnownFileType = sourcecode.swift; path = TrackTableViewCell.swift; sourceTree = "<group>"; };
		7D41C35B257D77E3003E01E6 /* TrackTableViewCell.xib */ = {isa = PBXFileReference; lastKnownFileType = file.xib; path = TrackTableViewCell.xib; sourceTree = "<group>"; };
		7D41C36F257D79AF003E01E6 /* UIImageView+AlamofireImage.swift */ = {isa = PBXFileReference; lastKnownFileType = sourcecode.swift; path = "UIImageView+AlamofireImage.swift"; sourceTree = "<group>"; };
		7D41C373257D7F61003E01E6 /* Player.swift */ = {isa = PBXFileReference; lastKnownFileType = sourcecode.swift; path = Player.swift; sourceTree = "<group>"; };
		7D41C385257D88FE003E01E6 /* IconStorage.swift */ = {isa = PBXFileReference; lastKnownFileType = sourcecode.swift; path = IconStorage.swift; sourceTree = "<group>"; };
		7D93DE1B257E0847006BA92F /* PlayerView.swift */ = {isa = PBXFileReference; lastKnownFileType = sourcecode.swift; path = PlayerView.swift; sourceTree = "<group>"; };
		7D93DE1F257E0895006BA92F /* BaseView.swift */ = {isa = PBXFileReference; lastKnownFileType = sourcecode.swift; path = BaseView.swift; sourceTree = "<group>"; };
		7D93DE87257E11C4006BA92F /* PlayerView.xib */ = {isa = PBXFileReference; lastKnownFileType = file.xib; path = PlayerView.xib; sourceTree = "<group>"; };
		7DE8169E257A76B0005CC7ED /* FirstProject.app */ = {isa = PBXFileReference; explicitFileType = wrapper.application; includeInIndex = 0; path = FirstProject.app; sourceTree = BUILT_PRODUCTS_DIR; };
		7DE816A1257A76B0005CC7ED /* AppDelegate.swift */ = {isa = PBXFileReference; lastKnownFileType = sourcecode.swift; path = AppDelegate.swift; sourceTree = "<group>"; };
		7DE816AA257A76B2005CC7ED /* Assets.xcassets */ = {isa = PBXFileReference; lastKnownFileType = folder.assetcatalog; path = Assets.xcassets; sourceTree = "<group>"; };
		7DE816AD257A76B2005CC7ED /* Base */ = {isa = PBXFileReference; lastKnownFileType = file.storyboard; name = Base; path = Base.lproj/LaunchScreen.storyboard; sourceTree = "<group>"; };
		7DE816AF257A76B2005CC7ED /* Info.plist */ = {isa = PBXFileReference; lastKnownFileType = text.plist.xml; path = Info.plist; sourceTree = "<group>"; };
		7DEE05542581690100569C51 /* UIViewController+Extension.swift */ = {isa = PBXFileReference; lastKnownFileType = sourcecode.swift; path = "UIViewController+Extension.swift"; sourceTree = "<group>"; };
		E0EC34C63CB9BFC084131B01 /* Pods-FirstProject.debug.xcconfig */ = {isa = PBXFileReference; includeInIndex = 1; lastKnownFileType = text.xcconfig; name = "Pods-FirstProject.debug.xcconfig"; path = "Target Support Files/Pods-FirstProject/Pods-FirstProject.debug.xcconfig"; sourceTree = "<group>"; };
/* End PBXFileReference section */

/* Begin PBXFrameworksBuildPhase section */
		7DE8169B257A76B0005CC7ED /* Frameworks */ = {
			isa = PBXFrameworksBuildPhase;
			buildActionMask = 2147483647;
			files = (
				43B6C5A097D0AEAA19B88BAC /* libPods-FirstProject.a in Frameworks */,
			);
			runOnlyForDeploymentPostprocessing = 0;
		};
/* End PBXFrameworksBuildPhase section */

/* Begin PBXGroup section */
		0573C4000295EC45F206B0BB /* Frameworks */ = {
			isa = PBXGroup;
			children = (
				21604AD341A949B097D68F39 /* libPods-FirstProject.a */,
			);
			name = Frameworks;
			sourceTree = "<group>";
		};
		6BDA7A5A970E98B9FFEFD9A3 /* Pods */ = {
			isa = PBXGroup;
			children = (
				E0EC34C63CB9BFC084131B01 /* Pods-FirstProject.debug.xcconfig */,
				37132515313318E89C1D08FB /* Pods-FirstProject.release.xcconfig */,
			);
			path = Pods;
			sourceTree = "<group>";
		};
		7D41C24F257D3FEA003E01E6 /* Response */ = {
			isa = PBXGroup;
			children = (
				7D41C250257D4003003E01E6 /* ProgramsResponse.swift */,
			);
			path = Response;
			sourceTree = "<group>";
		};
		7D41C255257D411D003E01E6 /* ProgramsView */ = {
			isa = PBXGroup;
			children = (
				7D41C30C257D63E6003E01E6 /* View */,
				7D41C256257D4140003E01E6 /* ProgramViewController.xib */,
				7D41C259257D4165003E01E6 /* ProgramViewController.swift */,
				7D41C2F4257D4CB1003E01E6 /* ProgramViewModel.swift */,
			);
			path = ProgramsView;
			sourceTree = "<group>";
		};
		7D41C2A7257D453C003E01E6 /* Flows */ = {
			isa = PBXGroup;
			children = (
				7D41C2A8257D455F003E01E6 /* AppFlow.swift */,
				7D41C2E8257D49B8003E01E6 /* MainFlow.swift */,
				7D41C2EE257D4B25003E01E6 /* ProgramFlow.swift */,
			);
			path = Flows;
			sourceTree = "<group>";
		};
		7D41C2AB257D4598003E01E6 /* Services */ = {
			isa = PBXGroup;
			children = (
				7D41C2AC257D45A9003E01E6 /* AppServices.swift */,
				7D41C2AF257D45CB003E01E6 /* ProjectService.swift */,
			);
			path = Services;
			sourceTree = "<group>";
		};
		7D41C2B2257D4635003E01E6 /* Networking */ = {
			isa = PBXGroup;
			children = (
				7D41C2B3257D4659003E01E6 /* Provider.swift */,
			);
			path = Networking;
			sourceTree = "<group>";
		};
		7D41C2DC257D4753003E01E6 /* Extension */ = {
			isa = PBXGroup;
			children = (
				7D41C2DD257D475F003E01E6 /* Dictionary+Extension.swift */,
				7D41C318257D672E003E01E6 /* UITableViewCell+Extension.swift */,
				7D41C36F257D79AF003E01E6 /* UIImageView+AlamofireImage.swift */,
				7DEE05542581690100569C51 /* UIViewController+Extension.swift */,
			);
			path = Extension;
			sourceTree = "<group>";
		};
		7D41C2E3257D4974003E01E6 /* Steps */ = {
			isa = PBXGroup;
			children = (
				7D41C2E4257D4981003E01E6 /* AppStep.swift */,
				7D41C2EB257D4A53003E01E6 /* MainStep.swift */,
				7D41C2F1257D4B73003E01E6 /* ProgramStep.swift */,
			);
			path = Steps;
			sourceTree = "<group>";
		};
		7D41C30C257D63E6003E01E6 /* View */ = {
			isa = PBXGroup;
			children = (
				7D41C30D257D63F1003E01E6 /* Cell */,
			);
			path = View;
			sourceTree = "<group>";
		};
		7D41C30D257D63F1003E01E6 /* Cell */ = {
			isa = PBXGroup;
			children = (
				7D41C30E257D640E003E01E6 /* ProgramTableViewCell.swift */,
				7D41C30F257D640E003E01E6 /* ProgramTableViewCell.xib */,
			);
			path = Cell;
			sourceTree = "<group>";
		};
		7D41C344257D70BA003E01E6 /* TracksView */ = {
			isa = PBXGroup;
			children = (
				7D41C358257D77C0003E01E6 /* View */,
				7D41C34C257D7152003E01E6 /* TracksTableViewController.swift */,
				7D41C34D257D7152003E01E6 /* TracksTableViewController.xib */,
				7D41C351257D7163003E01E6 /* TracksViewModel.swift */,
				7D41C373257D7F61003E01E6 /* Player.swift */,
			);
			path = TracksView;
			sourceTree = "<group>";
		};
		7D41C358257D77C0003E01E6 /* View */ = {
			isa = PBXGroup;
			children = (
				7D41C359257D77CB003E01E6 /* Cell */,
				7D93DE1B257E0847006BA92F /* PlayerView.swift */,
				7D93DE87257E11C4006BA92F /* PlayerView.xib */,
			);
			path = View;
			sourceTree = "<group>";
		};
		7D41C359257D77CB003E01E6 /* Cell */ = {
			isa = PBXGroup;
			children = (
				7D41C35A257D77E3003E01E6 /* TrackTableViewCell.swift */,
				7D41C35B257D77E3003E01E6 /* TrackTableViewCell.xib */,
			);
			path = Cell;
			sourceTree = "<group>";
		};
		7D93DE1E257E088A006BA92F /* Core */ = {
			isa = PBXGroup;
			children = (
				7D41C2B7257D470E003E01E6 /* Constants.swift */,
				7D41C385257D88FE003E01E6 /* IconStorage.swift */,
				7D93DE1F257E0895006BA92F /* BaseView.swift */,
			);
			path = Core;
			sourceTree = "<group>";
		};
		7DE81695257A76B0005CC7ED = {
			isa = PBXGroup;
			children = (
				7DE816A0257A76B0005CC7ED /* FirstProject */,
				7DE8169F257A76B0005CC7ED /* Products */,
				6BDA7A5A970E98B9FFEFD9A3 /* Pods */,
				0573C4000295EC45F206B0BB /* Frameworks */,
			);
			sourceTree = "<group>";
		};
		7DE8169F257A76B0005CC7ED /* Products */ = {
			isa = PBXGroup;
			children = (
				7DE8169E257A76B0005CC7ED /* FirstProject.app */,
			);
			name = Products;
			sourceTree = "<group>";
		};
		7DE816A0257A76B0005CC7ED /* FirstProject */ = {
			isa = PBXGroup;
			children = (
				7D93DE1E257E088A006BA92F /* Core */,
				7D41C2E3257D4974003E01E6 /* Steps */,
				7D41C2DC257D4753003E01E6 /* Extension */,
				7D41C2B2257D4635003E01E6 /* Networking */,
				7D41C2AB257D4598003E01E6 /* Services */,
				7D41C2A7257D453C003E01E6 /* Flows */,
				7D41C255257D411D003E01E6 /* ProgramsView */,
				7D41C344257D70BA003E01E6 /* TracksView */,
				7DE816B6257A76C3005CC7ED /* Model */,
				7DE816A1257A76B0005CC7ED /* AppDelegate.swift */,
				7DE816AA257A76B2005CC7ED /* Assets.xcassets */,
				7DE816AC257A76B2005CC7ED /* LaunchScreen.storyboard */,
				7DE816AF257A76B2005CC7ED /* Info.plist */,
			);
			path = FirstProject;
			sourceTree = "<group>";
		};
		7DE816B6257A76C3005CC7ED /* Model */ = {
			isa = PBXGroup;
			children = (
				7D41C24F257D3FEA003E01E6 /* Response */,
			);
			name = Model;
			path = "New Group";
			sourceTree = "<group>";
		};
/* End PBXGroup section */

/* Begin PBXNativeTarget section */
		7DE8169D257A76B0005CC7ED /* FirstProject */ = {
			isa = PBXNativeTarget;
			buildConfigurationList = 7DE816B2257A76B2005CC7ED /* Build configuration list for PBXNativeTarget "FirstProject" */;
			buildPhases = (
				527741558CEBD6C397F1BC8A /* [CP] Check Pods Manifest.lock */,
				7DE8169A257A76B0005CC7ED /* Sources */,
				7DE8169B257A76B0005CC7ED /* Frameworks */,
				7DE8169C257A76B0005CC7ED /* Resources */,
			);
			buildRules = (
			);
			dependencies = (
			);
			name = FirstProject;
			productName = FirstProject;
			productReference = 7DE8169E257A76B0005CC7ED /* FirstProject.app */;
			productType = "com.apple.product-type.application";
		};
/* End PBXNativeTarget section */

/* Begin PBXProject section */
		7DE81696257A76B0005CC7ED /* Project object */ = {
			isa = PBXProject;
			attributes = {
				LastSwiftUpdateCheck = 1220;
				LastUpgradeCheck = 1220;
				TargetAttributes = {
					7DE8169D257A76B0005CC7ED = {
						CreatedOnToolsVersion = 12.2;
					};
				};
			};
			buildConfigurationList = 7DE81699257A76B0005CC7ED /* Build configuration list for PBXProject "FirstProject" */;
			compatibilityVersion = "Xcode 9.3";
			developmentRegion = en;
			hasScannedForEncodings = 0;
			knownRegions = (
				en,
				Base,
			);
			mainGroup = 7DE81695257A76B0005CC7ED;
			productRefGroup = 7DE8169F257A76B0005CC7ED /* Products */;
			projectDirPath = "";
			projectRoot = "";
			targets = (
				7DE8169D257A76B0005CC7ED /* FirstProject */,
			);
		};
/* End PBXProject section */

/* Begin PBXResourcesBuildPhase section */
		7DE8169C257A76B0005CC7ED /* Resources */ = {
			isa = PBXResourcesBuildPhase;
			buildActionMask = 2147483647;
			files = (
				7D93DE88257E11C4006BA92F /* PlayerView.xib in Resources */,
				7D41C34F257D7152003E01E6 /* TracksTableViewController.xib in Resources */,
				7D41C311257D640E003E01E6 /* ProgramTableViewCell.xib in Resources */,
				7DE816AE257A76B2005CC7ED /* LaunchScreen.storyboard in Resources */,
				7D41C35D257D77E3003E01E6 /* TrackTableViewCell.xib in Resources */,
				7D41C257257D4140003E01E6 /* ProgramViewController.xib in Resources */,
				7DE816AB257A76B2005CC7ED /* Assets.xcassets in Resources */,
			);
			runOnlyForDeploymentPostprocessing = 0;
		};
/* End PBXResourcesBuildPhase section */

/* Begin PBXShellScriptBuildPhase section */
		527741558CEBD6C397F1BC8A /* [CP] Check Pods Manifest.lock */ = {
			isa = PBXShellScriptBuildPhase;
			buildActionMask = 2147483647;
			files = (
			);
			inputFileListPaths = (
			);
			inputPaths = (
				"${PODS_PODFILE_DIR_PATH}/Podfile.lock",
				"${PODS_ROOT}/Manifest.lock",
			);
			name = "[CP] Check Pods Manifest.lock";
			outputFileListPaths = (
			);
			outputPaths = (
				"$(DERIVED_FILE_DIR)/Pods-FirstProject-checkManifestLockResult.txt",
			);
			runOnlyForDeploymentPostprocessing = 0;
			shellPath = /bin/sh;
			shellScript = "diff \"${PODS_PODFILE_DIR_PATH}/Podfile.lock\" \"${PODS_ROOT}/Manifest.lock\" > /dev/null\nif [ $? != 0 ] ; then\n    # print error to STDERR\n    echo \"error: The sandbox is not in sync with the Podfile.lock. Run 'pod install' or update your CocoaPods installation.\" >&2\n    exit 1\nfi\n# This output is used by Xcode 'outputs' to avoid re-running this script phase.\necho \"SUCCESS\" > \"${SCRIPT_OUTPUT_FILE_0}\"\n";
			showEnvVarsInLog = 0;
		};
/* End PBXShellScriptBuildPhase section */

/* Begin PBXSourcesBuildPhase section */
		7DE8169A257A76B0005CC7ED /* Sources */ = {
			isa = PBXSourcesBuildPhase;
			buildActionMask = 2147483647;
			files = (
				7D41C374257D7F61003E01E6 /* Player.swift in Sources */,
				7D41C386257D88FE003E01E6 /* IconStorage.swift in Sources */,
				7D41C310257D640E003E01E6 /* ProgramTableViewCell.swift in Sources */,
				7D93DE1C257E0847006BA92F /* PlayerView.swift in Sources */,
				7D41C34E257D7152003E01E6 /* TracksTableViewController.swift in Sources */,
				7D41C2B0257D45CB003E01E6 /* ProjectService.swift in Sources */,
				7D41C319257D672E003E01E6 /* UITableViewCell+Extension.swift in Sources */,
				7D41C2EF257D4B25003E01E6 /* ProgramFlow.swift in Sources */,
				7D41C2E9257D49B8003E01E6 /* MainFlow.swift in Sources */,
				7D41C25A257D4165003E01E6 /* ProgramViewController.swift in Sources */,
				7D41C2F5257D4CB1003E01E6 /* ProgramViewModel.swift in Sources */,
				7DE816A2257A76B0005CC7ED /* AppDelegate.swift in Sources */,
				7D93DE20257E0895006BA92F /* BaseView.swift in Sources */,
				7D41C2B4257D4659003E01E6 /* Provider.swift in Sources */,
				7DEE05552581690100569C51 /* UIViewController+Extension.swift in Sources */,
				7D41C2DE257D475F003E01E6 /* Dictionary+Extension.swift in Sources */,
				7D41C2AD257D45A9003E01E6 /* AppServices.swift in Sources */,
				7D41C352257D7163003E01E6 /* TracksViewModel.swift in Sources */,
				7D41C2E5257D4981003E01E6 /* AppStep.swift in Sources */,
				7D41C2A9257D455F003E01E6 /* AppFlow.swift in Sources */,
				7D41C35C257D77E3003E01E6 /* TrackTableViewCell.swift in Sources */,
				7D41C251257D4003003E01E6 /* ProgramsResponse.swift in Sources */,
				7D41C2EC257D4A53003E01E6 /* MainStep.swift in Sources */,
				7D41C2B8257D470E003E01E6 /* Constants.swift in Sources */,
				7D41C2F2257D4B73003E01E6 /* ProgramStep.swift in Sources */,
				7D41C370257D79AF003E01E6 /* UIImageView+AlamofireImage.swift in Sources */,
			);
			runOnlyForDeploymentPostprocessing = 0;
		};
/* End PBXSourcesBuildPhase section */

/* Begin PBXVariantGroup section */
		7DE816AC257A76B2005CC7ED /* LaunchScreen.storyboard */ = {
			isa = PBXVariantGroup;
			children = (
				7DE816AD257A76B2005CC7ED /* Base */,
			);
			name = LaunchScreen.storyboard;
			sourceTree = "<group>";
		};
/* End PBXVariantGroup section */

/* Begin XCBuildConfiguration section */
		7DE816B0257A76B2005CC7ED /* Debug */ = {
			isa = XCBuildConfiguration;
			buildSettings = {
				ALWAYS_SEARCH_USER_PATHS = NO;
				CLANG_ANALYZER_NONNULL = YES;
				CLANG_ANALYZER_NUMBER_OBJECT_CONVERSION = YES_AGGRESSIVE;
				CLANG_CXX_LANGUAGE_STANDARD = "gnu++14";
				CLANG_CXX_LIBRARY = "libc++";
				CLANG_ENABLE_MODULES = YES;
				CLANG_ENABLE_OBJC_ARC = YES;
				CLANG_ENABLE_OBJC_WEAK = YES;
				CLANG_WARN_BLOCK_CAPTURE_AUTORELEASING = YES;
				CLANG_WARN_BOOL_CONVERSION = YES;
				CLANG_WARN_COMMA = YES;
				CLANG_WARN_CONSTANT_CONVERSION = YES;
				CLANG_WARN_DEPRECATED_OBJC_IMPLEMENTATIONS = YES;
				CLANG_WARN_DIRECT_OBJC_ISA_USAGE = YES_ERROR;
				CLANG_WARN_DOCUMENTATION_COMMENTS = YES;
				CLANG_WARN_EMPTY_BODY = YES;
				CLANG_WARN_ENUM_CONVERSION = YES;
				CLANG_WARN_INFINITE_RECURSION = YES;
				CLANG_WARN_INT_CONVERSION = YES;
				CLANG_WARN_NON_LITERAL_NULL_CONVERSION = YES;
				CLANG_WARN_OBJC_IMPLICIT_RETAIN_SELF = YES;
				CLANG_WARN_OBJC_LITERAL_CONVERSION = YES;
				CLANG_WARN_OBJC_ROOT_CLASS = YES_ERROR;
				CLANG_WARN_QUOTED_INCLUDE_IN_FRAMEWORK_HEADER = YES;
				CLANG_WARN_RANGE_LOOP_ANALYSIS = YES;
				CLANG_WARN_STRICT_PROTOTYPES = YES;
				CLANG_WARN_SUSPICIOUS_MOVE = YES;
				CLANG_WARN_UNGUARDED_AVAILABILITY = YES_AGGRESSIVE;
				CLANG_WARN_UNREACHABLE_CODE = YES;
				CLANG_WARN__DUPLICATE_METHOD_MATCH = YES;
				COPY_PHASE_STRIP = NO;
				DEBUG_INFORMATION_FORMAT = dwarf;
				ENABLE_STRICT_OBJC_MSGSEND = YES;
				ENABLE_TESTABILITY = YES;
				GCC_C_LANGUAGE_STANDARD = gnu11;
				GCC_DYNAMIC_NO_PIC = NO;
				GCC_NO_COMMON_BLOCKS = YES;
				GCC_OPTIMIZATION_LEVEL = 0;
				GCC_PREPROCESSOR_DEFINITIONS = (
					"DEBUG=1",
					"$(inherited)",
				);
				GCC_WARN_64_TO_32_BIT_CONVERSION = YES;
				GCC_WARN_ABOUT_RETURN_TYPE = YES_ERROR;
				GCC_WARN_UNDECLARED_SELECTOR = YES;
				GCC_WARN_UNINITIALIZED_AUTOS = YES_AGGRESSIVE;
				GCC_WARN_UNUSED_FUNCTION = YES;
				GCC_WARN_UNUSED_VARIABLE = YES;
				IPHONEOS_DEPLOYMENT_TARGET = 14.2;
				MTL_ENABLE_DEBUG_INFO = INCLUDE_SOURCE;
				MTL_FAST_MATH = YES;
				ONLY_ACTIVE_ARCH = YES;
				SDKROOT = iphoneos;
				SWIFT_ACTIVE_COMPILATION_CONDITIONS = DEBUG;
				SWIFT_OPTIMIZATION_LEVEL = "-Onone";
			};
			name = Debug;
		};
		7DE816B1257A76B2005CC7ED /* Release */ = {
			isa = XCBuildConfiguration;
			buildSettings = {
				ALWAYS_SEARCH_USER_PATHS = NO;
				CLANG_ANALYZER_NONNULL = YES;
				CLANG_ANALYZER_NUMBER_OBJECT_CONVERSION = YES_AGGRESSIVE;
				CLANG_CXX_LANGUAGE_STANDARD = "gnu++14";
				CLANG_CXX_LIBRARY = "libc++";
				CLANG_ENABLE_MODULES = YES;
				CLANG_ENABLE_OBJC_ARC = YES;
				CLANG_ENABLE_OBJC_WEAK = YES;
				CLANG_WARN_BLOCK_CAPTURE_AUTORELEASING = YES;
				CLANG_WARN_BOOL_CONVERSION = YES;
				CLANG_WARN_COMMA = YES;
				CLANG_WARN_CONSTANT_CONVERSION = YES;
				CLANG_WARN_DEPRECATED_OBJC_IMPLEMENTATIONS = YES;
				CLANG_WARN_DIRECT_OBJC_ISA_USAGE = YES_ERROR;
				CLANG_WARN_DOCUMENTATION_COMMENTS = YES;
				CLANG_WARN_EMPTY_BODY = YES;
				CLANG_WARN_ENUM_CONVERSION = YES;
				CLANG_WARN_INFINITE_RECURSION = YES;
				CLANG_WARN_INT_CONVERSION = YES;
				CLANG_WARN_NON_LITERAL_NULL_CONVERSION = YES;
				CLANG_WARN_OBJC_IMPLICIT_RETAIN_SELF = YES;
				CLANG_WARN_OBJC_LITERAL_CONVERSION = YES;
				CLANG_WARN_OBJC_ROOT_CLASS = YES_ERROR;
				CLANG_WARN_QUOTED_INCLUDE_IN_FRAMEWORK_HEADER = YES;
				CLANG_WARN_RANGE_LOOP_ANALYSIS = YES;
				CLANG_WARN_STRICT_PROTOTYPES = YES;
				CLANG_WARN_SUSPICIOUS_MOVE = YES;
				CLANG_WARN_UNGUARDED_AVAILABILITY = YES_AGGRESSIVE;
				CLANG_WARN_UNREACHABLE_CODE = YES;
				CLANG_WARN__DUPLICATE_METHOD_MATCH = YES;
				COPY_PHASE_STRIP = NO;
				DEBUG_INFORMATION_FORMAT = "dwarf-with-dsym";
				ENABLE_NS_ASSERTIONS = NO;
				ENABLE_STRICT_OBJC_MSGSEND = YES;
				GCC_C_LANGUAGE_STANDARD = gnu11;
				GCC_NO_COMMON_BLOCKS = YES;
				GCC_WARN_64_TO_32_BIT_CONVERSION = YES;
				GCC_WARN_ABOUT_RETURN_TYPE = YES_ERROR;
				GCC_WARN_UNDECLARED_SELECTOR = YES;
				GCC_WARN_UNINITIALIZED_AUTOS = YES_AGGRESSIVE;
				GCC_WARN_UNUSED_FUNCTION = YES;
				GCC_WARN_UNUSED_VARIABLE = YES;
				IPHONEOS_DEPLOYMENT_TARGET = 14.2;
				MTL_ENABLE_DEBUG_INFO = NO;
				MTL_FAST_MATH = YES;
				SDKROOT = iphoneos;
				SWIFT_COMPILATION_MODE = wholemodule;
				SWIFT_OPTIMIZATION_LEVEL = "-O";
				VALIDATE_PRODUCT = YES;
			};
			name = Release;
		};
		7DE816B3257A76B2005CC7ED /* Debug */ = {
			isa = XCBuildConfiguration;
			baseConfigurationReference = E0EC34C63CB9BFC084131B01 /* Pods-FirstProject.debug.xcconfig */;
			buildSettings = {
				API_BASE_URL = "https://api.iawaketechnologies.com";
				ASSETCATALOG_COMPILER_APPICON_NAME = AppIcon;
				ASSETCATALOG_COMPILER_GLOBAL_ACCENT_COLOR_NAME = AccentColor;
				CODE_SIGN_STYLE = Automatic;
				DEVELOPMENT_TEAM = 879J5V9Q44;
				INFOPLIST_FILE = FirstProject/Info.plist;
				LD_RUNPATH_SEARCH_PATHS = (
					"$(inherited)",
					"@executable_path/Frameworks",
				);
				PRODUCT_BUNDLE_IDENTIFIER = AL.FirstProject;
				PRODUCT_NAME = "$(TARGET_NAME)";
				SWIFT_VERSION = 5.0;
				TARGETED_DEVICE_FAMILY = "1,2";
			};
			name = Debug;
		};
		7DE816B4257A76B2005CC7ED /* Release */ = {
			isa = XCBuildConfiguration;
			baseConfigurationReference = 37132515313318E89C1D08FB /* Pods-FirstProject.release.xcconfig */;
			buildSettings = {
				API_BASE_URL = "https://api.iawaketechnologies.com";
				ASSETCATALOG_COMPILER_APPICON_NAME = AppIcon;
				ASSETCATALOG_COMPILER_GLOBAL_ACCENT_COLOR_NAME = AccentColor;
				CODE_SIGN_STYLE = Automatic;
				DEVELOPMENT_TEAM = 879J5V9Q44;
				INFOPLIST_FILE = FirstProject/Info.plist;
				LD_RUNPATH_SEARCH_PATHS = (
					"$(inherited)",
					"@executable_path/Frameworks",
				);
				PRODUCT_BUNDLE_IDENTIFIER = AL.FirstProject;
				PRODUCT_NAME = "$(TARGET_NAME)";
				SWIFT_VERSION = 5.0;
				TARGETED_DEVICE_FAMILY = "1,2";
			};
			name = Release;
		};
/* End XCBuildConfiguration section */

/* Begin XCConfigurationList section */
		7DE81699257A76B0005CC7ED /* Build configuration list for PBXProject "FirstProject" */ = {
			isa = XCConfigurationList;
			buildConfigurations = (
				7DE816B0257A76B2005CC7ED /* Debug */,
				7DE816B1257A76B2005CC7ED /* Release */,
			);
			defaultConfigurationIsVisible = 0;
			defaultConfigurationName = Release;
		};
		7DE816B2257A76B2005CC7ED /* Build configuration list for PBXNativeTarget "FirstProject" */ = {
			isa = XCConfigurationList;
			buildConfigurations = (
				7DE816B3257A76B2005CC7ED /* Debug */,
				7DE816B4257A76B2005CC7ED /* Release */,
			);
			defaultConfigurationIsVisible = 0;
			defaultConfigurationName = Release;
		};
/* End XCConfigurationList section */
	};
	rootObject = 7DE81696257A76B0005CC7ED /* Project object */;
}
